
Microsoft Visual Studio Solution File, Format Version 12.00
# Visual Studio 2012
Project("{FAE04EC0-301F-11D3-BF4B-00C04F79EFBC}") = "SeiRPGManager.Web", "SeiRPGManager.Web\SeiRPGManager.Web.csproj", "{FFBA74AD-CE33-4E5B-BD04-36DC3476156A}"
EndProject
Project("{FAE04EC0-301F-11D3-BF4B-00C04F79EFBC}") = "SeiRPGManager.DAL", "SeiRPGManager.DAL\SeiRPGManager.DAL.csproj", "{E7D7E167-AF4C-428C-8D9A-3FE4775F5DA5}"
EndProject
Project("{FAE04EC0-301F-11D3-BF4B-00C04F79EFBC}") = "SeiRPGManager.Entidades", "SeiRPGManager.Entidades\SeiRPGManager.Entidades.csproj", "{C588B0AA-E49B-406A-B07A-794618F00730}"
EndProject
Project("{FAE04EC0-301F-11D3-BF4B-00C04F79EFBC}") = "SeiRPGManager.Negocio", "SeiRPGManager.Negocio\SeiRPGManager.Negocio.csproj", "{C30AE7D8-0B57-42FF-941F-C5D8C3F97620}"
EndProject
Project("{FAE04EC0-301F-11D3-BF4B-00C04F79EFBC}") = "SeiRPGManager.Teste", "SeiRPGManager.Teste\SeiRPGManager.Teste.csproj", "{5A1C8868-4143-4D4E-A7F8-EAB07647A384}"
EndProject
Project("{FAE04EC0-301F-11D3-BF4B-00C04F79EFBC}") = "MySql.Data.Extension", "MySql.Data.Extension\MySql.Data.Extension.csproj", "{4E2A1497-BD2C-46E1-80B7-82E2B4ECA21B}"
EndProject
Project("{FAE04EC0-301F-11D3-BF4B-00C04F79EFBC}") = "MySql.Web.Extension", "MySql.Web.Extension\MySql.Web.Extension.csproj", "{E3E3B30A-0DBD-462B-8CA0-9377AFA84381}"
EndProject
Project("{2150E333-8FDC-42A3-9474-1A3956D46DE8}") = "InitializateTask", "InitializateTask", "{7CD461B8-0BEC-4334-8488-A130029739EE}"
	ProjectSection(SolutionItems) = preProject
		CreateUserAndDatabase.sql = CreateUserAndDatabase.sql
	EndProjectSection
EndProject
Global
	GlobalSection(SolutionConfigurationPlatforms) = preSolution
		Debug|Any CPU = Debug|Any CPU
		Debug|x64 = Debug|x64
		Debug|x86 = Debug|x86
		Release|Any CPU = Release|Any CPU
		Release|x64 = Release|x64
		Release|x86 = Release|x86
	EndGlobalSection
	GlobalSection(ProjectConfigurationPlatforms) = postSolution
		{FFBA74AD-CE33-4E5B-BD04-36DC3476156A}.Debug|Any CPU.ActiveCfg = Debug|Any CPU
		{FFBA74AD-CE33-4E5B-BD04-36DC3476156A}.Debug|Any CPU.Build.0 = Debug|Any CPU
		{FFBA74AD-CE33-4E5B-BD04-36DC3476156A}.Debug|x64.ActiveCfg = Debug|Any CPU
		{FFBA74AD-CE33-4E5B-BD04-36DC3476156A}.Debug|x86.ActiveCfg = Debug|Any CPU
		{FFBA74AD-CE33-4E5B-BD04-36DC3476156A}.Release|Any CPU.ActiveCfg = Release|Any CPU
		{FFBA74AD-CE33-4E5B-BD04-36DC3476156A}.Release|Any CPU.Build.0 = Release|Any CPU
		{FFBA74AD-CE33-4E5B-BD04-36DC3476156A}.Release|x64.ActiveCfg = Release|Any CPU
		{FFBA74AD-CE33-4E5B-BD04-36DC3476156A}.Release|x86.ActiveCfg = Release|Any CPU
		{E7D7E167-AF4C-428C-8D9A-3FE4775F5DA5}.Debug|Any CPU.ActiveCfg = Debug|Any CPU
		{E7D7E167-AF4C-428C-8D9A-3FE4775F5DA5}.Debug|Any CPU.Build.0 = Debug|Any CPU
		{E7D7E167-AF4C-428C-8D9A-3FE4775F5DA5}.Debug|x64.ActiveCfg = Debug|Any CPU
		{E7D7E167-AF4C-428C-8D9A-3FE4775F5DA5}.Debug|x86.ActiveCfg = Debug|Any CPU
		{E7D7E167-AF4C-428C-8D9A-3FE4775F5DA5}.Release|Any CPU.ActiveCfg = Release|Any CPU
		{E7D7E167-AF4C-428C-8D9A-3FE4775F5DA5}.Release|Any CPU.Build.0 = Release|Any CPU
		{E7D7E167-AF4C-428C-8D9A-3FE4775F5DA5}.Release|x64.ActiveCfg = Release|Any CPU
		{E7D7E167-AF4C-428C-8D9A-3FE4775F5DA5}.Release|x86.ActiveCfg = Release|Any CPU
		{C588B0AA-E49B-406A-B07A-794618F00730}.Debug|Any CPU.ActiveCfg = Debug|Any CPU
		{C588B0AA-E49B-406A-B07A-794618F00730}.Debug|Any CPU.Build.0 = Debug|Any CPU
		{C588B0AA-E49B-406A-B07A-794618F00730}.Debug|x64.ActiveCfg = Debug|Any CPU
		{C588B0AA-E49B-406A-B07A-794618F00730}.Debug|x86.ActiveCfg = Debug|Any CPU
		{C588B0AA-E49B-406A-B07A-794618F00730}.Release|Any CPU.ActiveCfg = Release|Any CPU
		{C588B0AA-E49B-406A-B07A-794618F00730}.Release|Any CPU.Build.0 = Release|Any CPU
		{C588B0AA-E49B-406A-B07A-794618F00730}.Release|x64.ActiveCfg = Release|Any CPU
		{C588B0AA-E49B-406A-B07A-794618F00730}.Release|x86.ActiveCfg = Release|Any CPU
		{C30AE7D8-0B57-42FF-941F-C5D8C3F97620}.Debug|Any CPU.ActiveCfg = Debug|Any CPU
		{C30AE7D8-0B57-42FF-941F-C5D8C3F97620}.Debug|Any CPU.Build.0 = Debug|Any CPU
		{C30AE7D8-0B57-42FF-941F-C5D8C3F97620}.Debug|x64.ActiveCfg = Debug|Any CPU
		{C30AE7D8-0B57-42FF-941F-C5D8C3F97620}.Debug|x86.ActiveCfg = Debug|Any CPU
		{C30AE7D8-0B57-42FF-941F-C5D8C3F97620}.Release|Any CPU.ActiveCfg = Release|Any CPU
		{C30AE7D8-0B57-42FF-941F-C5D8C3F97620}.Release|Any CPU.Build.0 = Release|Any CPU
		{C30AE7D8-0B57-42FF-941F-C5D8C3F97620}.Release|x64.ActiveCfg = Release|Any CPU
		{C30AE7D8-0B57-42FF-941F-C5D8C3F97620}.Release|x86.ActiveCfg = Release|Any CPU
		{5A1C8868-4143-4D4E-A7F8-EAB07647A384}.Debug|Any CPU.ActiveCfg = Debug|Any CPU
		{5A1C8868-4143-4D4E-A7F8-EAB07647A384}.Debug|Any CPU.Build.0 = Debug|Any CPU
		{5A1C8868-4143-4D4E-A7F8-EAB07647A384}.Debug|x64.ActiveCfg = Debug|Any CPU
		{5A1C8868-4143-4D4E-A7F8-EAB07647A384}.Debug|x86.ActiveCfg = Debug|Any CPU
		{5A1C8868-4143-4D4E-A7F8-EAB07647A384}.Release|Any CPU.ActiveCfg = Release|Any CPU
		{5A1C8868-4143-4D4E-A7F8-EAB07647A384}.Release|Any CPU.Build.0 = Release|Any CPU
		{5A1C8868-4143-4D4E-A7F8-EAB07647A384}.Release|x64.ActiveCfg = Release|Any CPU
		{5A1C8868-4143-4D4E-A7F8-EAB07647A384}.Release|x86.ActiveCfg = Release|Any CPU
		{4E2A1497-BD2C-46E1-80B7-82E2B4ECA21B}.Debug|Any CPU.ActiveCfg = Debug|Any CPU
		{4E2A1497-BD2C-46E1-80B7-82E2B4ECA21B}.Debug|Any CPU.Build.0 = Debug|Any CPU
		{4E2A1497-BD2C-46E1-80B7-82E2B4ECA21B}.Debug|x64.ActiveCfg = Debug|x64
		{4E2A1497-BD2C-46E1-80B7-82E2B4ECA21B}.Debug|x64.Build.0 = Debug|x64
		{4E2A1497-BD2C-46E1-80B7-82E2B4ECA21B}.Debug|x86.ActiveCfg = Debug|x86
		{4E2A1497-BD2C-46E1-80B7-82E2B4ECA21B}.Debug|x86.Build.0 = Debug|x86
		{4E2A1497-BD2C-46E1-80B7-82E2B4ECA21B}.Release|Any CPU.ActiveCfg = Release|Any CPU
		{4E2A1497-BD2C-46E1-80B7-82E2B4ECA21B}.Release|Any CPU.Build.0 = Release|Any CPU
		{4E2A1497-BD2C-46E1-80B7-82E2B4ECA21B}.Release|x64.ActiveCfg = Release|x64
		{4E2A1497-BD2C-46E1-80B7-82E2B4ECA21B}.Release|x64.Build.0 = Release|x64
		{4E2A1497-BD2C-46E1-80B7-82E2B4ECA21B}.Release|x86.ActiveCfg = Release|x86
		{4E2A1497-BD2C-46E1-80B7-82E2B4ECA21B}.Release|x86.Build.0 = Release|x86
		{E3E3B30A-0DBD-462B-8CA0-9377AFA84381}.Debug|Any CPU.ActiveCfg = Debug|Any CPU
		{E3E3B30A-0DBD-462B-8CA0-9377AFA84381}.Debug|Any CPU.Build.0 = Debug|Any CPU
		{E3E3B30A-0DBD-462B-8CA0-9377AFA84381}.Debug|x64.ActiveCfg = Debug|x64
		{E3E3B30A-0DBD-462B-8CA0-9377AFA84381}.Debug|x64.Build.0 = Debug|x64
		{E3E3B30A-0DBD-462B-8CA0-9377AFA84381}.Debug|x86.ActiveCfg = Debug|x86
		{E3E3B30A-0DBD-462B-8CA0-9377AFA84381}.Debug|x86.Build.0 = Debug|x86
		{E3E3B30A-0DBD-462B-8CA0-9377AFA84381}.Release|Any CPU.ActiveCfg = Release|Any CPU
		{E3E3B30A-0DBD-462B-8CA0-9377AFA84381}.Release|Any CPU.Build.0 = Release|Any CPU
		{E3E3B30A-0DBD-462B-8CA0-9377AFA84381}.Release|x64.ActiveCfg = Release|x64
		{E3E3B30A-0DBD-462B-8CA0-9377AFA84381}.Release|x64.Build.0 = Release|x64
		{E3E3B30A-0DBD-462B-8CA0-9377AFA84381}.Release|x86.ActiveCfg = Release|x86
		{E3E3B30A-0DBD-462B-8CA0-9377AFA84381}.Release|x86.Build.0 = Release|x86
	EndGlobalSection
	GlobalSection(SolutionProperties) = preSolution
		HideSolutionNode = FALSE
	EndGlobalSection
EndGlobal
