
Microsoft Visual Studio Solution File, Format Version 12.00
# Visual Studio 2012
Project("{FAE04EC0-301F-11D3-BF4B-00C04F79EFBC}") = "SeiRPGManager.Web", "SeiRPGManager.Web\SeiRPGManager.Web.csproj", "{FFBA74AD-CE33-4E5B-BD04-36DC3476156A}"
EndProject
Project("{FAE04EC0-301F-11D3-BF4B-00C04F79EFBC}") = "SeiRPGManager.DAL", "SeiRPGManager.DAL\SeiRPGManager.DAL.csproj", "{E7D7E167-AF4C-428C-8D9A-3FE4775F5DA5}"
EndProject
Project("{FAE04EC0-301F-11D3-BF4B-00C04F79EFBC}") = "SeiRPGManager.Entidades", "SeiRPGManager.Entidades\SeiRPGManager.Entidades.csproj", "{C588B0AA-E49B-406A-B07A-794618F00730}"
EndProject
Project("{FAE04EC0-301F-11D3-BF4B-00C04F79EFBC}") = "SeiRPGManager.Negocio", "SeiRPGManager.Negocio\SeiRPGManager.Negocio.csproj", "{C30AE7D8-0B57-42FF-941F-C5D8C3F97620}"
EndProject
Project("{FAE04EC0-301F-11D3-BF4B-00C04F79EFBC}") = "SeiRPGManager.Teste", "SeiRPGManager.Teste\SeiRPGManager.Teste.csproj", "{5A1C8868-4143-4D4E-A7F8-EAB07647A384}"
EndProject
Global
	GlobalSection(SolutionConfigurationPlatforms) = preSolution
		Debug|Any CPU = Debug|Any CPU
		Release|Any CPU = Release|Any CPU
	EndGlobalSection
	GlobalSection(ProjectConfigurationPlatforms) = postSolution
		{FFBA74AD-CE33-4E5B-BD04-36DC3476156A}.Debug|Any CPU.ActiveCfg = Debug|Any CPU
		{FFBA74AD-CE33-4E5B-BD04-36DC3476156A}.Debug|Any CPU.Build.0 = Debug|Any CPU
		{FFBA74AD-CE33-4E5B-BD04-36DC3476156A}.Release|Any CPU.ActiveCfg = Release|Any CPU
		{FFBA74AD-CE33-4E5B-BD04-36DC3476156A}.Release|Any CPU.Build.0 = Release|Any CPU
		{E7D7E167-AF4C-428C-8D9A-3FE4775F5DA5}.Debug|Any CPU.ActiveCfg = Debug|Any CPU
		{E7D7E167-AF4C-428C-8D9A-3FE4775F5DA5}.Debug|Any CPU.Build.0 = Debug|Any CPU
		{E7D7E167-AF4C-428C-8D9A-3FE4775F5DA5}.Release|Any CPU.ActiveCfg = Release|Any CPU
		{E7D7E167-AF4C-428C-8D9A-3FE4775F5DA5}.Release|Any CPU.Build.0 = Release|Any CPU
		{C588B0AA-E49B-406A-B07A-794618F00730}.Debug|Any CPU.ActiveCfg = Debug|Any CPU
		{C588B0AA-E49B-406A-B07A-794618F00730}.Debug|Any CPU.Build.0 = Debug|Any CPU
		{C588B0AA-E49B-406A-B07A-794618F00730}.Release|Any CPU.ActiveCfg = Release|Any CPU
		{C588B0AA-E49B-406A-B07A-794618F00730}.Release|Any CPU.Build.0 = Release|Any CPU
		{C30AE7D8-0B57-42FF-941F-C5D8C3F97620}.Debug|Any CPU.ActiveCfg = Debug|Any CPU
		{C30AE7D8-0B57-42FF-941F-C5D8C3F97620}.Debug|Any CPU.Build.0 = Debug|Any CPU
		{C30AE7D8-0B57-42FF-941F-C5D8C3F97620}.Release|Any CPU.ActiveCfg = Release|Any CPU
		{C30AE7D8-0B57-42FF-941F-C5D8C3F97620}.Release|Any CPU.Build.0 = Release|Any CPU
		{5A1C8868-4143-4D4E-A7F8-EAB07647A384}.Debug|Any CPU.ActiveCfg = Debug|Any CPU
		{5A1C8868-4143-4D4E-A7F8-EAB07647A384}.Debug|Any CPU.Build.0 = Debug|Any CPU
		{5A1C8868-4143-4D4E-A7F8-EAB07647A384}.Release|Any CPU.ActiveCfg = Release|Any CPU
		{5A1C8868-4143-4D4E-A7F8-EAB07647A384}.Release|Any CPU.Build.0 = Release|Any CPU
	EndGlobalSection
	GlobalSection(SolutionProperties) = preSolution
		HideSolutionNode = FALSE
	EndGlobalSection
EndGlobal
